# This file is autogenerated, do not edit; changes may be undone by the next 'dep ensure'.


[[projects]]
  branch = "master"
  name = "github.com/cavaliercoder/go-rpm"
  packages = ["."]
  revision = "12fdfaa7abbef3c80e4cc2b45d79111526ec7f2a"

[[projects]]
  name = "github.com/gorilla/context"
  packages = ["."]
  revision = "1ea25387ff6f684839d82767c1733ff4d4d15d0a"
  version = "v1.1"

[[projects]]
  branch = "master"
  name = "github.com/gorilla/mux"
  packages = ["."]
  revision = "18fca31550181693b3a834a15b74b564b3605876"

[[projects]]
  branch = "master"
  name = "github.com/justinas/alice"
  packages = ["."]
  revision = "1051eaf52fcafdd87ead59d28b065f1fcb8274ec"

[[projects]]
  branch = "master"
  name = "github.com/sontags/env"
  packages = ["."]
  revision = "bda8d88f75a59b59acacead30e6a476cfd7195a0"

[[projects]]
  branch = "master"
  name = "github.com/unrolled/render"
  packages = ["."]
  revision = "1442182abc1e7397c8c0c862829bd00e9b670a96"

[[projects]]
  branch = "master"
  name = "golang.org/x/crypto"
  packages = ["cast5","openpgp","openpgp/armor","openpgp/elgamal","openpgp/errors","openpgp/packet","openpgp/s2k"]
  revision = "e7ba82683099cae71475961448ab8f903ea77c26"

[solve-meta]
  analyzer-name = "dep"
  analyzer-version = 1
  inputs-digest = "879a1102179d87e385bfa9aee8e1b8388676da2e97611b2a5d8b3b210d0f6514"
  solver-name = "gps-cdcl"
  solver-version = 1
